
Microsoft Visual Studio Solution File, Format Version 12.00
# Visual Studio 15
VisualStudioVersion = 15.0.27703.2042
MinimumVisualStudioVersion = 10.0.40219.1
Project("{FAE04EC0-301F-11D3-BF4B-00C04F79EFBC}") = "KevinSystem", "KevinSystem\KevinSystem.csproj", "{66885AD2-A912-4F64-8048-1A1C1CF70256}"
EndProject
Global
	GlobalSection(SolutionConfigurationPlatforms) = preSolution
		Debug|Any CPU = Debug|Any CPU
		Release|Any CPU = Release|Any CPU
	EndGlobalSection
	GlobalSection(ProjectConfigurationPlatforms) = postSolution
		{66885AD2-A912-4F64-8048-1A1C1CF70256}.Debug|Any CPU.ActiveCfg = Debug|Any CPU
		{66885AD2-A912-4F64-8048-1A1C1CF70256}.Debug|Any CPU.Build.0 = Debug|Any CPU
		{66885AD2-A912-4F64-8048-1A1C1CF70256}.Release|Any CPU.ActiveCfg = Release|Any CPU
		{66885AD2-A912-4F64-8048-1A1C1CF70256}.Release|Any CPU.Build.0 = Release|Any CPU
	EndGlobalSection
	GlobalSection(SolutionProperties) = preSolution
		HideSolutionNode = FALSE
	EndGlobalSection
	GlobalSection(ExtensibilityGlobals) = postSolution
		SolutionGuid = {5259E266-9982-4351-BBE7-B41458091B4E}
	EndGlobalSection
EndGlobal
